// !$*UTF8*$!
{
	archiveVersion = 1;
	classes = {
	};
	objectVersion = 55;
	objects = {

/* Begin PBXBuildFile section */
		985424892A2C67E90043AED8 /* AppDelegate.swift in Sources */ = {isa = PBXBuildFile; fileRef = 985424882A2C67E90043AED8 /* AppDelegate.swift */; };
		9854248B2A2C67E90043AED8 /* SceneDelegate.swift in Sources */ = {isa = PBXBuildFile; fileRef = 9854248A2A2C67E90043AED8 /* SceneDelegate.swift */; };
		9854248D2A2C67E90043AED8 /* ViewController.swift in Sources */ = {isa = PBXBuildFile; fileRef = 9854248C2A2C67E90043AED8 /* ViewController.swift */; };
		985424902A2C67E90043AED8 /* Main.storyboard in Resources */ = {isa = PBXBuildFile; fileRef = 9854248E2A2C67E90043AED8 /* Main.storyboard */; };
		985424922A2C67EC0043AED8 /* Assets.xcassets in Resources */ = {isa = PBXBuildFile; fileRef = 985424912A2C67EC0043AED8 /* Assets.xcassets */; };
		985424952A2C67EC0043AED8 /* LaunchScreen.storyboard in Resources */ = {isa = PBXBuildFile; fileRef = 985424932A2C67EC0043AED8 /* LaunchScreen.storyboard */; };
		985424BB2A2C69FD0043AED8 /* EssentialFeed.framework in Frameworks */ = {isa = PBXBuildFile; fileRef = 985424B92A2C69FD0043AED8 /* EssentialFeed.framework */; };
		985424BC2A2C69FD0043AED8 /* EssentialFeed.framework in Embed Frameworks */ = {isa = PBXBuildFile; fileRef = 985424B92A2C69FD0043AED8 /* EssentialFeed.framework */; settings = {ATTRIBUTES = (CodeSignOnCopy, RemoveHeadersOnCopy, ); }; };
		985424BD2A2C69FD0043AED8 /* EssentialFeediOS.framework in Frameworks */ = {isa = PBXBuildFile; fileRef = 985424BA2A2C69FD0043AED8 /* EssentialFeediOS.framework */; };
		985424BE2A2C69FD0043AED8 /* EssentialFeediOS.framework in Embed Frameworks */ = {isa = PBXBuildFile; fileRef = 985424BA2A2C69FD0043AED8 /* EssentialFeediOS.framework */; settings = {ATTRIBUTES = (CodeSignOnCopy, RemoveHeadersOnCopy, ); }; };
		985424C12A2F99740043AED8 /* FeedLoaderWithFallbackCompositeTests.swift in Sources */ = {isa = PBXBuildFile; fileRef = 985424C02A2F99740043AED8 /* FeedLoaderWithFallbackCompositeTests.swift */; };
		985424C32A30878B0043AED8 /* FeedLoaderWithFallbackComposite.swift in Sources */ = {isa = PBXBuildFile; fileRef = 985424C22A30878B0043AED8 /* FeedLoaderWithFallbackComposite.swift */; };
		985424C52A30886C0043AED8 /* FeedImageDataLoaderWithFallbackCompositeTests.swift in Sources */ = {isa = PBXBuildFile; fileRef = 985424C42A30886C0043AED8 /* FeedImageDataLoaderWithFallbackCompositeTests.swift */; };
		985424C72A309D750043AED8 /* FeedImageDataLoaderWithFallbackComposite.swift in Sources */ = {isa = PBXBuildFile; fileRef = 985424C62A309D750043AED8 /* FeedImageDataLoaderWithFallbackComposite.swift */; };
		985424CA2A30AFE80043AED8 /* XCTestCase+MemoryLeakTracking.swift in Sources */ = {isa = PBXBuildFile; fileRef = 985424C92A30AFE80043AED8 /* XCTestCase+MemoryLeakTracking.swift */; };
		985424CC2A30B0CF0043AED8 /* SharedTestHelpers.swift in Sources */ = {isa = PBXBuildFile; fileRef = 985424CB2A30B0CF0043AED8 /* SharedTestHelpers.swift */; };
		985424CE2A35ED8B0043AED8 /* FeedLoaderCacheDecoratorTests.swift in Sources */ = {isa = PBXBuildFile; fileRef = 985424CD2A35ED8B0043AED8 /* FeedLoaderCacheDecoratorTests.swift */; };
		985424D02A35F5B60043AED8 /* FeedLoaderStub.swift in Sources */ = {isa = PBXBuildFile; fileRef = 985424CF2A35F5B60043AED8 /* FeedLoaderStub.swift */; };
		985424D22A35FA920043AED8 /* XCTestCase+FeedLoader.swift in Sources */ = {isa = PBXBuildFile; fileRef = 985424D12A35FA920043AED8 /* XCTestCase+FeedLoader.swift */; };
		985424D62A3601A80043AED8 /* FeedLoaderCacheDecorator.swift in Sources */ = {isa = PBXBuildFile; fileRef = 985424D52A3601A80043AED8 /* FeedLoaderCacheDecorator.swift */; };
		985424D82A3605690043AED8 /* FeedImageDataLoaderCacheDecoratorTests.swift in Sources */ = {isa = PBXBuildFile; fileRef = 985424D72A3605690043AED8 /* FeedImageDataLoaderCacheDecoratorTests.swift */; };
		985424DA2A360A190043AED8 /* FeedImageDataLoaderSpy.swift in Sources */ = {isa = PBXBuildFile; fileRef = 985424D92A360A190043AED8 /* FeedImageDataLoaderSpy.swift */; };
		985424DC2A360AB30043AED8 /* XCTestCase+FeedImageDataLoader.swift in Sources */ = {isa = PBXBuildFile; fileRef = 985424DB2A360AB30043AED8 /* XCTestCase+FeedImageDataLoader.swift */; };
/* End PBXBuildFile section */

/* Begin PBXContainerItemProxy section */
		9854249C2A2C67EC0043AED8 /* PBXContainerItemProxy */ = {
			isa = PBXContainerItemProxy;
			containerPortal = 9854247D2A2C67E90043AED8 /* Project object */;
			proxyType = 1;
			remoteGlobalIDString = 985424842A2C67E90043AED8;
			remoteInfo = EssentialApp;
		};
/* End PBXContainerItemProxy section */

/* Begin PBXCopyFilesBuildPhase section */
		985424BF2A2C69FD0043AED8 /* Embed Frameworks */ = {
			isa = PBXCopyFilesBuildPhase;
			buildActionMask = 2147483647;
			dstPath = "";
			dstSubfolderSpec = 10;
			files = (
				985424BC2A2C69FD0043AED8 /* EssentialFeed.framework in Embed Frameworks */,
				985424BE2A2C69FD0043AED8 /* EssentialFeediOS.framework in Embed Frameworks */,
			);
			name = "Embed Frameworks";
			runOnlyForDeploymentPostprocessing = 0;
		};
/* End PBXCopyFilesBuildPhase section */

/* Begin PBXFileReference section */
		985424852A2C67E90043AED8 /* EssentialApp.app */ = {isa = PBXFileReference; explicitFileType = wrapper.application; includeInIndex = 0; path = EssentialApp.app; sourceTree = BUILT_PRODUCTS_DIR; };
		985424882A2C67E90043AED8 /* AppDelegate.swift */ = {isa = PBXFileReference; lastKnownFileType = sourcecode.swift; path = AppDelegate.swift; sourceTree = "<group>"; };
		9854248A2A2C67E90043AED8 /* SceneDelegate.swift */ = {isa = PBXFileReference; lastKnownFileType = sourcecode.swift; path = SceneDelegate.swift; sourceTree = "<group>"; };
		9854248C2A2C67E90043AED8 /* ViewController.swift */ = {isa = PBXFileReference; lastKnownFileType = sourcecode.swift; path = ViewController.swift; sourceTree = "<group>"; };
		9854248F2A2C67E90043AED8 /* Base */ = {isa = PBXFileReference; lastKnownFileType = file.storyboard; name = Base; path = Base.lproj/Main.storyboard; sourceTree = "<group>"; };
		985424912A2C67EC0043AED8 /* Assets.xcassets */ = {isa = PBXFileReference; lastKnownFileType = folder.assetcatalog; path = Assets.xcassets; sourceTree = "<group>"; };
		985424942A2C67EC0043AED8 /* Base */ = {isa = PBXFileReference; lastKnownFileType = file.storyboard; name = Base; path = Base.lproj/LaunchScreen.storyboard; sourceTree = "<group>"; };
		985424962A2C67EC0043AED8 /* Info.plist */ = {isa = PBXFileReference; lastKnownFileType = text.plist.xml; path = Info.plist; sourceTree = "<group>"; };
		9854249B2A2C67EC0043AED8 /* EssentialAppTests.xctest */ = {isa = PBXFileReference; explicitFileType = wrapper.cfbundle; includeInIndex = 0; path = EssentialAppTests.xctest; sourceTree = BUILT_PRODUCTS_DIR; };
		985424B92A2C69FD0043AED8 /* EssentialFeed.framework */ = {isa = PBXFileReference; explicitFileType = wrapper.framework; path = EssentialFeed.framework; sourceTree = BUILT_PRODUCTS_DIR; };
		985424BA2A2C69FD0043AED8 /* EssentialFeediOS.framework */ = {isa = PBXFileReference; explicitFileType = wrapper.framework; path = EssentialFeediOS.framework; sourceTree = BUILT_PRODUCTS_DIR; };
		985424C02A2F99740043AED8 /* FeedLoaderWithFallbackCompositeTests.swift */ = {isa = PBXFileReference; lastKnownFileType = sourcecode.swift; path = FeedLoaderWithFallbackCompositeTests.swift; sourceTree = "<group>"; };
		985424C22A30878B0043AED8 /* FeedLoaderWithFallbackComposite.swift */ = {isa = PBXFileReference; lastKnownFileType = sourcecode.swift; path = FeedLoaderWithFallbackComposite.swift; sourceTree = "<group>"; };
		985424C42A30886C0043AED8 /* FeedImageDataLoaderWithFallbackCompositeTests.swift */ = {isa = PBXFileReference; lastKnownFileType = sourcecode.swift; path = FeedImageDataLoaderWithFallbackCompositeTests.swift; sourceTree = "<group>"; };
		985424C62A309D750043AED8 /* FeedImageDataLoaderWithFallbackComposite.swift */ = {isa = PBXFileReference; lastKnownFileType = sourcecode.swift; path = FeedImageDataLoaderWithFallbackComposite.swift; sourceTree = "<group>"; };
		985424C92A30AFE80043AED8 /* XCTestCase+MemoryLeakTracking.swift */ = {isa = PBXFileReference; lastKnownFileType = sourcecode.swift; path = "XCTestCase+MemoryLeakTracking.swift"; sourceTree = "<group>"; };
		985424CB2A30B0CF0043AED8 /* SharedTestHelpers.swift */ = {isa = PBXFileReference; lastKnownFileType = sourcecode.swift; path = SharedTestHelpers.swift; sourceTree = "<group>"; };
		985424CD2A35ED8B0043AED8 /* FeedLoaderCacheDecoratorTests.swift */ = {isa = PBXFileReference; lastKnownFileType = sourcecode.swift; path = FeedLoaderCacheDecoratorTests.swift; sourceTree = "<group>"; };
		985424CF2A35F5B60043AED8 /* FeedLoaderStub.swift */ = {isa = PBXFileReference; lastKnownFileType = sourcecode.swift; path = FeedLoaderStub.swift; sourceTree = "<group>"; };
		985424D12A35FA920043AED8 /* XCTestCase+FeedLoader.swift */ = {isa = PBXFileReference; lastKnownFileType = sourcecode.swift; path = "XCTestCase+FeedLoader.swift"; sourceTree = "<group>"; };
		985424D52A3601A80043AED8 /* FeedLoaderCacheDecorator.swift */ = {isa = PBXFileReference; lastKnownFileType = sourcecode.swift; path = FeedLoaderCacheDecorator.swift; sourceTree = "<group>"; };
		985424D72A3605690043AED8 /* FeedImageDataLoaderCacheDecoratorTests.swift */ = {isa = PBXFileReference; lastKnownFileType = sourcecode.swift; path = FeedImageDataLoaderCacheDecoratorTests.swift; sourceTree = "<group>"; };
		985424D92A360A190043AED8 /* FeedImageDataLoaderSpy.swift */ = {isa = PBXFileReference; lastKnownFileType = sourcecode.swift; path = FeedImageDataLoaderSpy.swift; sourceTree = "<group>"; };
		985424DB2A360AB30043AED8 /* XCTestCase+FeedImageDataLoader.swift */ = {isa = PBXFileReference; lastKnownFileType = sourcecode.swift; path = "XCTestCase+FeedImageDataLoader.swift"; sourceTree = "<group>"; };
/* End PBXFileReference section */

/* Begin PBXFrameworksBuildPhase section */
		985424822A2C67E90043AED8 /* Frameworks */ = {
			isa = PBXFrameworksBuildPhase;
			buildActionMask = 2147483647;
			files = (
				985424BB2A2C69FD0043AED8 /* EssentialFeed.framework in Frameworks */,
				985424BD2A2C69FD0043AED8 /* EssentialFeediOS.framework in Frameworks */,
			);
			runOnlyForDeploymentPostprocessing = 0;
		};
		985424982A2C67EC0043AED8 /* Frameworks */ = {
			isa = PBXFrameworksBuildPhase;
			buildActionMask = 2147483647;
			files = (
			);
			runOnlyForDeploymentPostprocessing = 0;
		};
/* End PBXFrameworksBuildPhase section */

/* Begin PBXGroup section */
		9854247C2A2C67E90043AED8 = {
			isa = PBXGroup;
			children = (
				985424872A2C67E90043AED8 /* EssentialApp */,
				9854249E2A2C67EC0043AED8 /* EssentialAppTests */,
				985424862A2C67E90043AED8 /* Products */,
				985424B82A2C69FD0043AED8 /* Frameworks */,
			);
			sourceTree = "<group>";
		};
		985424862A2C67E90043AED8 /* Products */ = {
			isa = PBXGroup;
			children = (
				985424852A2C67E90043AED8 /* EssentialApp.app */,
				9854249B2A2C67EC0043AED8 /* EssentialAppTests.xctest */,
			);
			name = Products;
			sourceTree = "<group>";
		};
		985424872A2C67E90043AED8 /* EssentialApp */ = {
			isa = PBXGroup;
			children = (
				985424882A2C67E90043AED8 /* AppDelegate.swift */,
				9854248A2A2C67E90043AED8 /* SceneDelegate.swift */,
				985424C22A30878B0043AED8 /* FeedLoaderWithFallbackComposite.swift */,
				985424C62A309D750043AED8 /* FeedImageDataLoaderWithFallbackComposite.swift */,
				985424D52A3601A80043AED8 /* FeedLoaderCacheDecorator.swift */,
				9854248C2A2C67E90043AED8 /* ViewController.swift */,
				9854248E2A2C67E90043AED8 /* Main.storyboard */,
				985424912A2C67EC0043AED8 /* Assets.xcassets */,
				985424932A2C67EC0043AED8 /* LaunchScreen.storyboard */,
				985424962A2C67EC0043AED8 /* Info.plist */,
			);
			path = EssentialApp;
			sourceTree = "<group>";
		};
		9854249E2A2C67EC0043AED8 /* EssentialAppTests */ = {
			isa = PBXGroup;
			children = (
				985424C82A30AFC80043AED8 /* Helpers */,
				985424C02A2F99740043AED8 /* FeedLoaderWithFallbackCompositeTests.swift */,
				985424C42A30886C0043AED8 /* FeedImageDataLoaderWithFallbackCompositeTests.swift */,
				985424CD2A35ED8B0043AED8 /* FeedLoaderCacheDecoratorTests.swift */,
				985424D72A3605690043AED8 /* FeedImageDataLoaderCacheDecoratorTests.swift */,
			);
			path = EssentialAppTests;
			sourceTree = "<group>";
		};
		985424B82A2C69FD0043AED8 /* Frameworks */ = {
			isa = PBXGroup;
			children = (
				985424B92A2C69FD0043AED8 /* EssentialFeed.framework */,
				985424BA2A2C69FD0043AED8 /* EssentialFeediOS.framework */,
			);
			name = Frameworks;
			sourceTree = "<group>";
		};
		985424C82A30AFC80043AED8 /* Helpers */ = {
			isa = PBXGroup;
			children = (
				985424C92A30AFE80043AED8 /* XCTestCase+MemoryLeakTracking.swift */,
				985424D12A35FA920043AED8 /* XCTestCase+FeedLoader.swift */,
				985424DB2A360AB30043AED8 /* XCTestCase+FeedImageDataLoader.swift */,
				985424CB2A30B0CF0043AED8 /* SharedTestHelpers.swift */,
				985424CF2A35F5B60043AED8 /* FeedLoaderStub.swift */,
				985424D92A360A190043AED8 /* FeedImageDataLoaderSpy.swift */,
			);
			path = Helpers;
			sourceTree = "<group>";
		};
/* End PBXGroup section */

/* Begin PBXNativeTarget section */
		985424842A2C67E90043AED8 /* EssentialApp */ = {
			isa = PBXNativeTarget;
			buildConfigurationList = 985424AF2A2C67EC0043AED8 /* Build configuration list for PBXNativeTarget "EssentialApp" */;
			buildPhases = (
				985424812A2C67E90043AED8 /* Sources */,
				985424822A2C67E90043AED8 /* Frameworks */,
				985424832A2C67E90043AED8 /* Resources */,
				985424BF2A2C69FD0043AED8 /* Embed Frameworks */,
			);
			buildRules = (
			);
			dependencies = (
			);
			name = EssentialApp;
			productName = EssentialApp;
			productReference = 985424852A2C67E90043AED8 /* EssentialApp.app */;
			productType = "com.apple.product-type.application";
		};
		9854249A2A2C67EC0043AED8 /* EssentialAppTests */ = {
			isa = PBXNativeTarget;
			buildConfigurationList = 985424B22A2C67EC0043AED8 /* Build configuration list for PBXNativeTarget "EssentialAppTests" */;
			buildPhases = (
				985424972A2C67EC0043AED8 /* Sources */,
				985424982A2C67EC0043AED8 /* Frameworks */,
				985424992A2C67EC0043AED8 /* Resources */,
			);
			buildRules = (
			);
			dependencies = (
				9854249D2A2C67EC0043AED8 /* PBXTargetDependency */,
			);
			name = EssentialAppTests;
			productName = EssentialAppTests;
			productReference = 9854249B2A2C67EC0043AED8 /* EssentialAppTests.xctest */;
			productType = "com.apple.product-type.bundle.unit-test";
		};
/* End PBXNativeTarget section */

/* Begin PBXProject section */
		9854247D2A2C67E90043AED8 /* Project object */ = {
			isa = PBXProject;
			attributes = {
				BuildIndependentTargetsInParallel = 1;
				LastSwiftUpdateCheck = 1340;
				LastUpgradeCheck = 1340;
				TargetAttributes = {
					985424842A2C67E90043AED8 = {
						CreatedOnToolsVersion = 13.4.1;
					};
					9854249A2A2C67EC0043AED8 = {
						CreatedOnToolsVersion = 13.4.1;
						LastSwiftMigration = 1340;
						TestTargetID = 985424842A2C67E90043AED8;
					};
				};
			};
			buildConfigurationList = 985424802A2C67E90043AED8 /* Build configuration list for PBXProject "EssentialApp" */;
			compatibilityVersion = "Xcode 13.0";
			developmentRegion = en;
			hasScannedForEncodings = 0;
			knownRegions = (
				en,
				Base,
			);
			mainGroup = 9854247C2A2C67E90043AED8;
			productRefGroup = 985424862A2C67E90043AED8 /* Products */;
			projectDirPath = "";
			projectRoot = "";
			targets = (
				985424842A2C67E90043AED8 /* EssentialApp */,
				9854249A2A2C67EC0043AED8 /* EssentialAppTests */,
			);
		};
/* End PBXProject section */

/* Begin PBXResourcesBuildPhase section */
		985424832A2C67E90043AED8 /* Resources */ = {
			isa = PBXResourcesBuildPhase;
			buildActionMask = 2147483647;
			files = (
				985424952A2C67EC0043AED8 /* LaunchScreen.storyboard in Resources */,
				985424922A2C67EC0043AED8 /* Assets.xcassets in Resources */,
				985424902A2C67E90043AED8 /* Main.storyboard in Resources */,
			);
			runOnlyForDeploymentPostprocessing = 0;
		};
		985424992A2C67EC0043AED8 /* Resources */ = {
			isa = PBXResourcesBuildPhase;
			buildActionMask = 2147483647;
			files = (
			);
			runOnlyForDeploymentPostprocessing = 0;
		};
/* End PBXResourcesBuildPhase section */

/* Begin PBXSourcesBuildPhase section */
		985424812A2C67E90043AED8 /* Sources */ = {
			isa = PBXSourcesBuildPhase;
			buildActionMask = 2147483647;
			files = (
				9854248D2A2C67E90043AED8 /* ViewController.swift in Sources */,
				985424892A2C67E90043AED8 /* AppDelegate.swift in Sources */,
				985424C32A30878B0043AED8 /* FeedLoaderWithFallbackComposite.swift in Sources */,
				985424D62A3601A80043AED8 /* FeedLoaderCacheDecorator.swift in Sources */,
				9854248B2A2C67E90043AED8 /* SceneDelegate.swift in Sources */,
				985424C72A309D750043AED8 /* FeedImageDataLoaderWithFallbackComposite.swift in Sources */,
			);
			runOnlyForDeploymentPostprocessing = 0;
		};
		985424972A2C67EC0043AED8 /* Sources */ = {
			isa = PBXSourcesBuildPhase;
			buildActionMask = 2147483647;
			files = (
				985424CC2A30B0CF0043AED8 /* SharedTestHelpers.swift in Sources */,
				985424D82A3605690043AED8 /* FeedImageDataLoaderCacheDecoratorTests.swift in Sources */,
				985424D22A35FA920043AED8 /* XCTestCase+FeedLoader.swift in Sources */,
				985424DC2A360AB30043AED8 /* XCTestCase+FeedImageDataLoader.swift in Sources */,
				985424CE2A35ED8B0043AED8 /* FeedLoaderCacheDecoratorTests.swift in Sources */,
				985424DA2A360A190043AED8 /* FeedImageDataLoaderSpy.swift in Sources */,
				985424C52A30886C0043AED8 /* FeedImageDataLoaderWithFallbackCompositeTests.swift in Sources */,
				985424C12A2F99740043AED8 /* FeedLoaderWithFallbackCompositeTests.swift in Sources */,
				985424D02A35F5B60043AED8 /* FeedLoaderStub.swift in Sources */,
				985424CA2A30AFE80043AED8 /* XCTestCase+MemoryLeakTracking.swift in Sources */,
			);
			runOnlyForDeploymentPostprocessing = 0;
		};
/* End PBXSourcesBuildPhase section */

/* Begin PBXTargetDependency section */
		9854249D2A2C67EC0043AED8 /* PBXTargetDependency */ = {
			isa = PBXTargetDependency;
			target = 985424842A2C67E90043AED8 /* EssentialApp */;
			targetProxy = 9854249C2A2C67EC0043AED8 /* PBXContainerItemProxy */;
		};
/* End PBXTargetDependency section */

/* Begin PBXVariantGroup section */
		9854248E2A2C67E90043AED8 /* Main.storyboard */ = {
			isa = PBXVariantGroup;
			children = (
				9854248F2A2C67E90043AED8 /* Base */,
			);
			name = Main.storyboard;
			sourceTree = "<group>";
		};
		985424932A2C67EC0043AED8 /* LaunchScreen.storyboard */ = {
			isa = PBXVariantGroup;
			children = (
				985424942A2C67EC0043AED8 /* Base */,
			);
			name = LaunchScreen.storyboard;
			sourceTree = "<group>";
		};
/* End PBXVariantGroup section */

/* Begin XCBuildConfiguration section */
		985424AD2A2C67EC0043AED8 /* Debug */ = {
			isa = XCBuildConfiguration;
			buildSettings = {
				ALWAYS_SEARCH_USER_PATHS = NO;
				CLANG_ANALYZER_NONNULL = YES;
				CLANG_ANALYZER_NUMBER_OBJECT_CONVERSION = YES_AGGRESSIVE;
				CLANG_CXX_LANGUAGE_STANDARD = "gnu++17";
				CLANG_ENABLE_MODULES = YES;
				CLANG_ENABLE_OBJC_ARC = YES;
				CLANG_ENABLE_OBJC_WEAK = YES;
				CLANG_WARN_BLOCK_CAPTURE_AUTORELEASING = YES;
				CLANG_WARN_BOOL_CONVERSION = YES;
				CLANG_WARN_COMMA = YES;
				CLANG_WARN_CONSTANT_CONVERSION = YES;
				CLANG_WARN_DEPRECATED_OBJC_IMPLEMENTATIONS = YES;
				CLANG_WARN_DIRECT_OBJC_ISA_USAGE = YES_ERROR;
				CLANG_WARN_DOCUMENTATION_COMMENTS = YES;
				CLANG_WARN_EMPTY_BODY = YES;
				CLANG_WARN_ENUM_CONVERSION = YES;
				CLANG_WARN_INFINITE_RECURSION = YES;
				CLANG_WARN_INT_CONVERSION = YES;
				CLANG_WARN_NON_LITERAL_NULL_CONVERSION = YES;
				CLANG_WARN_OBJC_IMPLICIT_RETAIN_SELF = YES;
				CLANG_WARN_OBJC_LITERAL_CONVERSION = YES;
				CLANG_WARN_OBJC_ROOT_CLASS = YES_ERROR;
				CLANG_WARN_QUOTED_INCLUDE_IN_FRAMEWORK_HEADER = YES;
				CLANG_WARN_RANGE_LOOP_ANALYSIS = YES;
				CLANG_WARN_STRICT_PROTOTYPES = YES;
				CLANG_WARN_SUSPICIOUS_MOVE = YES;
				CLANG_WARN_UNGUARDED_AVAILABILITY = YES_AGGRESSIVE;
				CLANG_WARN_UNREACHABLE_CODE = YES;
				CLANG_WARN__DUPLICATE_METHOD_MATCH = YES;
				COPY_PHASE_STRIP = NO;
				DEBUG_INFORMATION_FORMAT = dwarf;
				ENABLE_STRICT_OBJC_MSGSEND = YES;
				ENABLE_TESTABILITY = YES;
				GCC_C_LANGUAGE_STANDARD = gnu11;
				GCC_DYNAMIC_NO_PIC = NO;
				GCC_NO_COMMON_BLOCKS = YES;
				GCC_OPTIMIZATION_LEVEL = 0;
				GCC_PREPROCESSOR_DEFINITIONS = (
					"DEBUG=1",
					"$(inherited)",
				);
				GCC_WARN_64_TO_32_BIT_CONVERSION = YES;
				GCC_WARN_ABOUT_RETURN_TYPE = YES_ERROR;
				GCC_WARN_UNDECLARED_SELECTOR = YES;
				GCC_WARN_UNINITIALIZED_AUTOS = YES_AGGRESSIVE;
				GCC_WARN_UNUSED_FUNCTION = YES;
				GCC_WARN_UNUSED_VARIABLE = YES;
				IPHONEOS_DEPLOYMENT_TARGET = 15.5;
				MTL_ENABLE_DEBUG_INFO = INCLUDE_SOURCE;
				MTL_FAST_MATH = YES;
				ONLY_ACTIVE_ARCH = YES;
				SDKROOT = iphoneos;
				SWIFT_ACTIVE_COMPILATION_CONDITIONS = DEBUG;
				SWIFT_OPTIMIZATION_LEVEL = "-Onone";
			};
			name = Debug;
		};
		985424AE2A2C67EC0043AED8 /* Release */ = {
			isa = XCBuildConfiguration;
			buildSettings = {
				ALWAYS_SEARCH_USER_PATHS = NO;
				CLANG_ANALYZER_NONNULL = YES;
				CLANG_ANALYZER_NUMBER_OBJECT_CONVERSION = YES_AGGRESSIVE;
				CLANG_CXX_LANGUAGE_STANDARD = "gnu++17";
				CLANG_ENABLE_MODULES = YES;
				CLANG_ENABLE_OBJC_ARC = YES;
				CLANG_ENABLE_OBJC_WEAK = YES;
				CLANG_WARN_BLOCK_CAPTURE_AUTORELEASING = YES;
				CLANG_WARN_BOOL_CONVERSION = YES;
				CLANG_WARN_COMMA = YES;
				CLANG_WARN_CONSTANT_CONVERSION = YES;
				CLANG_WARN_DEPRECATED_OBJC_IMPLEMENTATIONS = YES;
				CLANG_WARN_DIRECT_OBJC_ISA_USAGE = YES_ERROR;
				CLANG_WARN_DOCUMENTATION_COMMENTS = YES;
				CLANG_WARN_EMPTY_BODY = YES;
				CLANG_WARN_ENUM_CONVERSION = YES;
				CLANG_WARN_INFINITE_RECURSION = YES;
				CLANG_WARN_INT_CONVERSION = YES;
				CLANG_WARN_NON_LITERAL_NULL_CONVERSION = YES;
				CLANG_WARN_OBJC_IMPLICIT_RETAIN_SELF = YES;
				CLANG_WARN_OBJC_LITERAL_CONVERSION = YES;
				CLANG_WARN_OBJC_ROOT_CLASS = YES_ERROR;
				CLANG_WARN_QUOTED_INCLUDE_IN_FRAMEWORK_HEADER = YES;
				CLANG_WARN_RANGE_LOOP_ANALYSIS = YES;
				CLANG_WARN_STRICT_PROTOTYPES = YES;
				CLANG_WARN_SUSPICIOUS_MOVE = YES;
				CLANG_WARN_UNGUARDED_AVAILABILITY = YES_AGGRESSIVE;
				CLANG_WARN_UNREACHABLE_CODE = YES;
				CLANG_WARN__DUPLICATE_METHOD_MATCH = YES;
				COPY_PHASE_STRIP = NO;
				DEBUG_INFORMATION_FORMAT = "dwarf-with-dsym";
				ENABLE_NS_ASSERTIONS = NO;
				ENABLE_STRICT_OBJC_MSGSEND = YES;
				GCC_C_LANGUAGE_STANDARD = gnu11;
				GCC_NO_COMMON_BLOCKS = YES;
				GCC_WARN_64_TO_32_BIT_CONVERSION = YES;
				GCC_WARN_ABOUT_RETURN_TYPE = YES_ERROR;
				GCC_WARN_UNDECLARED_SELECTOR = YES;
				GCC_WARN_UNINITIALIZED_AUTOS = YES_AGGRESSIVE;
				GCC_WARN_UNUSED_FUNCTION = YES;
				GCC_WARN_UNUSED_VARIABLE = YES;
				IPHONEOS_DEPLOYMENT_TARGET = 15.5;
				MTL_ENABLE_DEBUG_INFO = NO;
				MTL_FAST_MATH = YES;
				SDKROOT = iphoneos;
				SWIFT_COMPILATION_MODE = wholemodule;
				SWIFT_OPTIMIZATION_LEVEL = "-O";
				VALIDATE_PRODUCT = YES;
			};
			name = Release;
		};
		985424B02A2C67EC0043AED8 /* Debug */ = {
			isa = XCBuildConfiguration;
			buildSettings = {
				ASSETCATALOG_COMPILER_APPICON_NAME = AppIcon;
				ASSETCATALOG_COMPILER_GLOBAL_ACCENT_COLOR_NAME = AccentColor;
				CODE_SIGN_STYLE = Automatic;
				CURRENT_PROJECT_VERSION = 1;
				GENERATE_INFOPLIST_FILE = YES;
				INFOPLIST_FILE = EssentialApp/Info.plist;
				INFOPLIST_KEY_UIApplicationSupportsIndirectInputEvents = YES;
				INFOPLIST_KEY_UILaunchStoryboardName = LaunchScreen;
				INFOPLIST_KEY_UIMainStoryboardFile = Main;
				INFOPLIST_KEY_UISupportedInterfaceOrientations = UIInterfaceOrientationPortrait;
				INFOPLIST_KEY_UISupportedInterfaceOrientations_iPad = "UIInterfaceOrientationPortrait UIInterfaceOrientationPortraitUpsideDown UIInterfaceOrientationLandscapeLeft UIInterfaceOrientationLandscapeRight";
				INFOPLIST_KEY_UISupportedInterfaceOrientations_iPhone = "UIInterfaceOrientationPortrait UIInterfaceOrientationLandscapeLeft UIInterfaceOrientationLandscapeRight";
				LD_RUNPATH_SEARCH_PATHS = (
					"$(inherited)",
					"@executable_path/Frameworks",
				);
				MARKETING_VERSION = 1.0;
				PRODUCT_BUNDLE_IDENTIFIER = sparklers.EssentialApp;
				PRODUCT_NAME = "$(TARGET_NAME)";
				SWIFT_EMIT_LOC_STRINGS = YES;
				SWIFT_VERSION = 5.0;
				TARGETED_DEVICE_FAMILY = "1,2";
			};
			name = Debug;
		};
		985424B12A2C67EC0043AED8 /* Release */ = {
			isa = XCBuildConfiguration;
			buildSettings = {
				ASSETCATALOG_COMPILER_APPICON_NAME = AppIcon;
				ASSETCATALOG_COMPILER_GLOBAL_ACCENT_COLOR_NAME = AccentColor;
				CODE_SIGN_STYLE = Automatic;
				CURRENT_PROJECT_VERSION = 1;
				GENERATE_INFOPLIST_FILE = YES;
				INFOPLIST_FILE = EssentialApp/Info.plist;
				INFOPLIST_KEY_UIApplicationSupportsIndirectInputEvents = YES;
				INFOPLIST_KEY_UILaunchStoryboardName = LaunchScreen;
				INFOPLIST_KEY_UIMainStoryboardFile = Main;
				INFOPLIST_KEY_UISupportedInterfaceOrientations = UIInterfaceOrientationPortrait;
				INFOPLIST_KEY_UISupportedInterfaceOrientations_iPad = "UIInterfaceOrientationPortrait UIInterfaceOrientationPortraitUpsideDown UIInterfaceOrientationLandscapeLeft UIInterfaceOrientationLandscapeRight";
				INFOPLIST_KEY_UISupportedInterfaceOrientations_iPhone = "UIInterfaceOrientationPortrait UIInterfaceOrientationLandscapeLeft UIInterfaceOrientationLandscapeRight";
				LD_RUNPATH_SEARCH_PATHS = (
					"$(inherited)",
					"@executable_path/Frameworks",
				);
				MARKETING_VERSION = 1.0;
				PRODUCT_BUNDLE_IDENTIFIER = sparklers.EssentialApp;
				PRODUCT_NAME = "$(TARGET_NAME)";
				SWIFT_EMIT_LOC_STRINGS = YES;
				SWIFT_VERSION = 5.0;
				TARGETED_DEVICE_FAMILY = "1,2";
			};
			name = Release;
		};
		985424B32A2C67EC0043AED8 /* Debug */ = {
			isa = XCBuildConfiguration;
			buildSettings = {
				ALWAYS_EMBED_SWIFT_STANDARD_LIBRARIES = YES;
				BUNDLE_LOADER = "$(TEST_HOST)";
				CLANG_ENABLE_MODULES = YES;
				CODE_SIGN_STYLE = Automatic;
				CURRENT_PROJECT_VERSION = 1;
				GENERATE_INFOPLIST_FILE = YES;
				IPHONEOS_DEPLOYMENT_TARGET = 15.5;
				LD_RUNPATH_SEARCH_PATHS = (
					"$(inherited)",
					"@executable_path/Frameworks",
					"@loader_path/Frameworks",
				);
				MARKETING_VERSION = 1.0;
				PRODUCT_BUNDLE_IDENTIFIER = sparklers.EssentialAppTests;
				PRODUCT_NAME = "$(TARGET_NAME)";
				SWIFT_EMIT_LOC_STRINGS = NO;
				SWIFT_OPTIMIZATION_LEVEL = "-Onone";
				SWIFT_VERSION = 5.0;
				TARGETED_DEVICE_FAMILY = "1,2";
				TEST_HOST = "$(BUILT_PRODUCTS_DIR)/EssentialApp.app/EssentialApp";
			};
			name = Debug;
		};
		985424B42A2C67EC0043AED8 /* Release */ = {
			isa = XCBuildConfiguration;
			buildSettings = {
				ALWAYS_EMBED_SWIFT_STANDARD_LIBRARIES = YES;
				BUNDLE_LOADER = "$(TEST_HOST)";
				CLANG_ENABLE_MODULES = YES;
				CODE_SIGN_STYLE = Automatic;
				CURRENT_PROJECT_VERSION = 1;
				GENERATE_INFOPLIST_FILE = YES;
				IPHONEOS_DEPLOYMENT_TARGET = 15.5;
				LD_RUNPATH_SEARCH_PATHS = (
					"$(inherited)",
					"@executable_path/Frameworks",
					"@loader_path/Frameworks",
				);
				MARKETING_VERSION = 1.0;
				PRODUCT_BUNDLE_IDENTIFIER = sparklers.EssentialAppTests;
				PRODUCT_NAME = "$(TARGET_NAME)";
				SWIFT_EMIT_LOC_STRINGS = NO;
				SWIFT_VERSION = 5.0;
				TARGETED_DEVICE_FAMILY = "1,2";
				TEST_HOST = "$(BUILT_PRODUCTS_DIR)/EssentialApp.app/EssentialApp";
			};
			name = Release;
		};
/* End XCBuildConfiguration section */

/* Begin XCConfigurationList section */
		985424802A2C67E90043AED8 /* Build configuration list for PBXProject "EssentialApp" */ = {
			isa = XCConfigurationList;
			buildConfigurations = (
				985424AD2A2C67EC0043AED8 /* Debug */,
				985424AE2A2C67EC0043AED8 /* Release */,
			);
			defaultConfigurationIsVisible = 0;
			defaultConfigurationName = Release;
		};
		985424AF2A2C67EC0043AED8 /* Build configuration list for PBXNativeTarget "EssentialApp" */ = {
			isa = XCConfigurationList;
			buildConfigurations = (
				985424B02A2C67EC0043AED8 /* Debug */,
				985424B12A2C67EC0043AED8 /* Release */,
			);
			defaultConfigurationIsVisible = 0;
			defaultConfigurationName = Release;
		};
		985424B22A2C67EC0043AED8 /* Build configuration list for PBXNativeTarget "EssentialAppTests" */ = {
			isa = XCConfigurationList;
			buildConfigurations = (
				985424B32A2C67EC0043AED8 /* Debug */,
				985424B42A2C67EC0043AED8 /* Release */,
			);
			defaultConfigurationIsVisible = 0;
			defaultConfigurationName = Release;
		};
/* End XCConfigurationList section */
	};
	rootObject = 9854247D2A2C67E90043AED8 /* Project object */;
}
